// !$*UTF8*$!
{
	archiveVersion = 1;
	classes = {
	};
	objectVersion = 56;
	objects = {

/* Begin PBXBuildFile section */
		FAB4DDC52B7D44C400FD1465 /* UserDefaultsKeys.swift in Sources */ = {isa = PBXBuildFile; fileRef = FAB4DDC42B7D44C400FD1465 /* UserDefaultsKeys.swift */; };
		FADECB302B75C0DD004F4346 /* MADS4003_Proj_Gp4App.swift in Sources */ = {isa = PBXBuildFile; fileRef = FADECB2F2B75C0DD004F4346 /* MADS4003_Proj_Gp4App.swift */; };
		FADECB322B75C0DD004F4346 /* ContentView.swift in Sources */ = {isa = PBXBuildFile; fileRef = FADECB312B75C0DD004F4346 /* ContentView.swift */; };
		FADECB342B75C0DF004F4346 /* Assets.xcassets in Resources */ = {isa = PBXBuildFile; fileRef = FADECB332B75C0DF004F4346 /* Assets.xcassets */; };
		FADECB372B75C0DF004F4346 /* Preview Assets.xcassets in Resources */ = {isa = PBXBuildFile; fileRef = FADECB362B75C0DF004F4346 /* Preview Assets.xcassets */; };
		FADECB412B75C0DF004F4346 /* MADS4003_Proj_Gp4Tests.swift in Sources */ = {isa = PBXBuildFile; fileRef = FADECB402B75C0DF004F4346 /* MADS4003_Proj_Gp4Tests.swift */; };
		FADECB4B2B75C0DF004F4346 /* MADS4003_Proj_Gp4UITests.swift in Sources */ = {isa = PBXBuildFile; fileRef = FADECB4A2B75C0DF004F4346 /* MADS4003_Proj_Gp4UITests.swift */; };
		FADECB4D2B75C0DF004F4346 /* MADS4003_Proj_Gp4UITestsLaunchTests.swift in Sources */ = {isa = PBXBuildFile; fileRef = FADECB4C2B75C0DF004F4346 /* MADS4003_Proj_Gp4UITestsLaunchTests.swift */; };
		FADECB5B2B77BF80004F4346 /* LoginView.swift in Sources */ = {isa = PBXBuildFile; fileRef = FADECB5A2B77BF80004F4346 /* LoginView.swift */; };
		FADECB5F2B77C22D004F4346 /* SignupView.swift in Sources */ = {isa = PBXBuildFile; fileRef = FADECB5E2B77C22D004F4346 /* SignupView.swift */; };
		FADECB612B77C25C004F4346 /* RestaurantDetailView.swift in Sources */ = {isa = PBXBuildFile; fileRef = FADECB602B77C25C004F4346 /* RestaurantDetailView.swift */; };
		FADECB632B77C26A004F4346 /* RestaurantListView.swift in Sources */ = {isa = PBXBuildFile; fileRef = FADECB622B77C26A004F4346 /* RestaurantListView.swift */; };
		FADECB652B77C280004F4346 /* RestaurantViewModel.swift in Sources */ = {isa = PBXBuildFile; fileRef = FADECB642B77C280004F4346 /* RestaurantViewModel.swift */; };
		FADECB672B77E201004F4346 /* Restaurant.swift in Sources */ = {isa = PBXBuildFile; fileRef = FADECB662B77E201004F4346 /* Restaurant.swift */; };
		FADECB6C2B780848004F4346 /* UserViewModel.swift in Sources */ = {isa = PBXBuildFile; fileRef = FADECB6B2B780848004F4346 /* UserViewModel.swift */; };
		FADECB6E2B7808EC004F4346 /* User.swift in Sources */ = {isa = PBXBuildFile; fileRef = FADECB6D2B7808EC004F4346 /* User.swift */; };
		FADECB722B781D60004F4346 /* Constants.swift in Sources */ = {isa = PBXBuildFile; fileRef = FADECB712B781D60004F4346 /* Constants.swift */; };
		FADECB742B797229004F4346 /* RestaurantItemView.swift in Sources */ = {isa = PBXBuildFile; fileRef = FADECB732B797229004F4346 /* RestaurantItemView.swift */; };
		FADECB7A2B79853B004F4346 /* Alamofire in Frameworks */ = {isa = PBXBuildFile; productRef = FADECB792B79853B004F4346 /* Alamofire */; };
		FADECB7D2B798544004F4346 /* SwiftyJSON in Frameworks */ = {isa = PBXBuildFile; productRef = FADECB7C2B798544004F4346 /* SwiftyJSON */; };
		FADECB802B7A0250004F4346 /* FavListView.swift in Sources */ = {isa = PBXBuildFile; fileRef = FADECB7F2B7A0250004F4346 /* FavListView.swift */; };
		FADECB822B7A0272004F4346 /* MainView.swift in Sources */ = {isa = PBXBuildFile; fileRef = FADECB812B7A0272004F4346 /* MainView.swift */; };
/* End PBXBuildFile section */

/* Begin PBXContainerItemProxy section */
		FADECB3D2B75C0DF004F4346 /* PBXContainerItemProxy */ = {
			isa = PBXContainerItemProxy;
			containerPortal = FADECB242B75C0DD004F4346 /* Project object */;
			proxyType = 1;
			remoteGlobalIDString = FADECB2B2B75C0DD004F4346;
			remoteInfo = MADS4003_Proj_Gp4;
		};
		FADECB472B75C0DF004F4346 /* PBXContainerItemProxy */ = {
			isa = PBXContainerItemProxy;
			containerPortal = FADECB242B75C0DD004F4346 /* Project object */;
			proxyType = 1;
			remoteGlobalIDString = FADECB2B2B75C0DD004F4346;
			remoteInfo = MADS4003_Proj_Gp4;
		};
/* End PBXContainerItemProxy section */

/* Begin PBXFileReference section */
		FAB4DDC42B7D44C400FD1465 /* UserDefaultsKeys.swift */ = {isa = PBXFileReference; lastKnownFileType = sourcecode.swift; path = UserDefaultsKeys.swift; sourceTree = "<group>"; };
		FADECB2C2B75C0DD004F4346 /* MADS4003_Proj_Gp4.app */ = {isa = PBXFileReference; explicitFileType = wrapper.application; includeInIndex = 0; path = MADS4003_Proj_Gp4.app; sourceTree = BUILT_PRODUCTS_DIR; };
		FADECB2F2B75C0DD004F4346 /* MADS4003_Proj_Gp4App.swift */ = {isa = PBXFileReference; lastKnownFileType = sourcecode.swift; path = MADS4003_Proj_Gp4App.swift; sourceTree = "<group>"; };
		FADECB312B75C0DD004F4346 /* ContentView.swift */ = {isa = PBXFileReference; lastKnownFileType = sourcecode.swift; path = ContentView.swift; sourceTree = "<group>"; };
		FADECB332B75C0DF004F4346 /* Assets.xcassets */ = {isa = PBXFileReference; lastKnownFileType = folder.assetcatalog; path = Assets.xcassets; sourceTree = "<group>"; };
		FADECB362B75C0DF004F4346 /* Preview Assets.xcassets */ = {isa = PBXFileReference; lastKnownFileType = folder.assetcatalog; path = "Preview Assets.xcassets"; sourceTree = "<group>"; };
		FADECB3C2B75C0DF004F4346 /* MADS4003_Proj_Gp4Tests.xctest */ = {isa = PBXFileReference; explicitFileType = wrapper.cfbundle; includeInIndex = 0; path = MADS4003_Proj_Gp4Tests.xctest; sourceTree = BUILT_PRODUCTS_DIR; };
		FADECB402B75C0DF004F4346 /* MADS4003_Proj_Gp4Tests.swift */ = {isa = PBXFileReference; lastKnownFileType = sourcecode.swift; path = MADS4003_Proj_Gp4Tests.swift; sourceTree = "<group>"; };
		FADECB462B75C0DF004F4346 /* MADS4003_Proj_Gp4UITests.xctest */ = {isa = PBXFileReference; explicitFileType = wrapper.cfbundle; includeInIndex = 0; path = MADS4003_Proj_Gp4UITests.xctest; sourceTree = BUILT_PRODUCTS_DIR; };
		FADECB4A2B75C0DF004F4346 /* MADS4003_Proj_Gp4UITests.swift */ = {isa = PBXFileReference; lastKnownFileType = sourcecode.swift; path = MADS4003_Proj_Gp4UITests.swift; sourceTree = "<group>"; };
		FADECB4C2B75C0DF004F4346 /* MADS4003_Proj_Gp4UITestsLaunchTests.swift */ = {isa = PBXFileReference; lastKnownFileType = sourcecode.swift; path = MADS4003_Proj_Gp4UITestsLaunchTests.swift; sourceTree = "<group>"; };
		FADECB5A2B77BF80004F4346 /* LoginView.swift */ = {isa = PBXFileReference; lastKnownFileType = sourcecode.swift; path = LoginView.swift; sourceTree = "<group>"; };
		FADECB5E2B77C22D004F4346 /* SignupView.swift */ = {isa = PBXFileReference; lastKnownFileType = sourcecode.swift; path = SignupView.swift; sourceTree = "<group>"; };
		FADECB602B77C25C004F4346 /* RestaurantDetailView.swift */ = {isa = PBXFileReference; lastKnownFileType = sourcecode.swift; path = RestaurantDetailView.swift; sourceTree = "<group>"; };
		FADECB622B77C26A004F4346 /* RestaurantListView.swift */ = {isa = PBXFileReference; lastKnownFileType = sourcecode.swift; path = RestaurantListView.swift; sourceTree = "<group>"; };
		FADECB642B77C280004F4346 /* RestaurantViewModel.swift */ = {isa = PBXFileReference; lastKnownFileType = sourcecode.swift; path = RestaurantViewModel.swift; sourceTree = "<group>"; };
		FADECB662B77E201004F4346 /* Restaurant.swift */ = {isa = PBXFileReference; lastKnownFileType = sourcecode.swift; path = Restaurant.swift; sourceTree = "<group>"; };
		FADECB6B2B780848004F4346 /* UserViewModel.swift */ = {isa = PBXFileReference; lastKnownFileType = sourcecode.swift; path = UserViewModel.swift; sourceTree = "<group>"; };
		FADECB6D2B7808EC004F4346 /* User.swift */ = {isa = PBXFileReference; lastKnownFileType = sourcecode.swift; path = User.swift; sourceTree = "<group>"; };
		FADECB712B781D60004F4346 /* Constants.swift */ = {isa = PBXFileReference; lastKnownFileType = sourcecode.swift; path = Constants.swift; sourceTree = "<group>"; };
		FADECB732B797229004F4346 /* RestaurantItemView.swift */ = {isa = PBXFileReference; lastKnownFileType = sourcecode.swift; path = RestaurantItemView.swift; sourceTree = "<group>"; };
		FADECB7F2B7A0250004F4346 /* FavListView.swift */ = {isa = PBXFileReference; lastKnownFileType = sourcecode.swift; path = FavListView.swift; sourceTree = "<group>"; };
		FADECB812B7A0272004F4346 /* MainView.swift */ = {isa = PBXFileReference; lastKnownFileType = sourcecode.swift; path = MainView.swift; sourceTree = "<group>"; };
/* End PBXFileReference section */

/* Begin PBXFrameworksBuildPhase section */
		FADECB292B75C0DD004F4346 /* Frameworks */ = {
			isa = PBXFrameworksBuildPhase;
			buildActionMask = 2147483647;
			files = (
				FADECB7D2B798544004F4346 /* SwiftyJSON in Frameworks */,
				FADECB7A2B79853B004F4346 /* Alamofire in Frameworks */,
			);
			runOnlyForDeploymentPostprocessing = 0;
		};
		FADECB392B75C0DF004F4346 /* Frameworks */ = {
			isa = PBXFrameworksBuildPhase;
			buildActionMask = 2147483647;
			files = (
			);
			runOnlyForDeploymentPostprocessing = 0;
		};
		FADECB432B75C0DF004F4346 /* Frameworks */ = {
			isa = PBXFrameworksBuildPhase;
			buildActionMask = 2147483647;
			files = (
			);
			runOnlyForDeploymentPostprocessing = 0;
		};
/* End PBXFrameworksBuildPhase section */

/* Begin PBXGroup section */
		FAAA36852B8006D000AE1318 /* Repositories */ = {
			isa = PBXGroup;
			children = (
			);
			path = Repositories;
			sourceTree = "<group>";
		};
		FADECB232B75C0DD004F4346 = {
			isa = PBXGroup;
			children = (
				FADECB2E2B75C0DD004F4346 /* MADS4003_Proj_Gp4 */,
				FADECB3F2B75C0DF004F4346 /* MADS4003_Proj_Gp4Tests */,
				FADECB492B75C0DF004F4346 /* MADS4003_Proj_Gp4UITests */,
				FADECB2D2B75C0DD004F4346 /* Products */,
			);
			sourceTree = "<group>";
		};
		FADECB2D2B75C0DD004F4346 /* Products */ = {
			isa = PBXGroup;
			children = (
				FADECB2C2B75C0DD004F4346 /* MADS4003_Proj_Gp4.app */,
				FADECB3C2B75C0DF004F4346 /* MADS4003_Proj_Gp4Tests.xctest */,
				FADECB462B75C0DF004F4346 /* MADS4003_Proj_Gp4UITests.xctest */,
			);
			name = Products;
			sourceTree = "<group>";
		};
		FADECB2E2B75C0DD004F4346 /* MADS4003_Proj_Gp4 */ = {
			isa = PBXGroup;
			children = (
				FADECB2F2B75C0DD004F4346 /* MADS4003_Proj_Gp4App.swift */,
				FADECB712B781D60004F4346 /* Constants.swift */,
				FAB4DDC42B7D44C400FD1465 /* UserDefaultsKeys.swift */,
				FADECB692B7806C3004F4346 /* Views */,
				FADECB6A2B7806CB004F4346 /* ViewModels */,
				FAAA36852B8006D000AE1318 /* Repositories */,
				FADECB682B7806BB004F4346 /* Models */,
				FADECB332B75C0DF004F4346 /* Assets.xcassets */,
				FADECB352B75C0DF004F4346 /* Preview Content */,
			);
			path = MADS4003_Proj_Gp4;
			sourceTree = "<group>";
		};
		FADECB352B75C0DF004F4346 /* Preview Content */ = {
			isa = PBXGroup;
			children = (
				FADECB362B75C0DF004F4346 /* Preview Assets.xcassets */,
			);
			path = "Preview Content";
			sourceTree = "<group>";
		};
		FADECB3F2B75C0DF004F4346 /* MADS4003_Proj_Gp4Tests */ = {
			isa = PBXGroup;
			children = (
				FADECB402B75C0DF004F4346 /* MADS4003_Proj_Gp4Tests.swift */,
			);
			path = MADS4003_Proj_Gp4Tests;
			sourceTree = "<group>";
		};
		FADECB492B75C0DF004F4346 /* MADS4003_Proj_Gp4UITests */ = {
			isa = PBXGroup;
			children = (
				FADECB4A2B75C0DF004F4346 /* MADS4003_Proj_Gp4UITests.swift */,
				FADECB4C2B75C0DF004F4346 /* MADS4003_Proj_Gp4UITestsLaunchTests.swift */,
			);
			path = MADS4003_Proj_Gp4UITests;
			sourceTree = "<group>";
		};
		FADECB682B7806BB004F4346 /* Models */ = {
			isa = PBXGroup;
			children = (
				FADECB662B77E201004F4346 /* Restaurant.swift */,
				FADECB6D2B7808EC004F4346 /* User.swift */,
			);
			path = Models;
			sourceTree = "<group>";
		};
		FADECB692B7806C3004F4346 /* Views */ = {
			isa = PBXGroup;
			children = (
				FADECB312B75C0DD004F4346 /* ContentView.swift */,
				FADECB812B7A0272004F4346 /* MainView.swift */,
				FADECB5A2B77BF80004F4346 /* LoginView.swift */,
				FADECB7F2B7A0250004F4346 /* FavListView.swift */,
				FADECB602B77C25C004F4346 /* RestaurantDetailView.swift */,
				FADECB622B77C26A004F4346 /* RestaurantListView.swift */,
				FADECB732B797229004F4346 /* RestaurantItemView.swift */,
				FADECB5E2B77C22D004F4346 /* SignupView.swift */,
			);
			name = Views;
			path = Models/Views;
			sourceTree = "<group>";
		};
		FADECB6A2B7806CB004F4346 /* ViewModels */ = {
			isa = PBXGroup;
			children = (
				FADECB642B77C280004F4346 /* RestaurantViewModel.swift */,
				FADECB6B2B780848004F4346 /* UserViewModel.swift */,
			);
			path = ViewModels;
			sourceTree = "<group>";
		};
/* End PBXGroup section */

/* Begin PBXNativeTarget section */
		FADECB2B2B75C0DD004F4346 /* MADS4003_Proj_Gp4 */ = {
			isa = PBXNativeTarget;
			buildConfigurationList = FADECB502B75C0DF004F4346 /* Build configuration list for PBXNativeTarget "MADS4003_Proj_Gp4" */;
			buildPhases = (
				FADECB282B75C0DD004F4346 /* Sources */,
				FADECB292B75C0DD004F4346 /* Frameworks */,
				FADECB2A2B75C0DD004F4346 /* Resources */,
			);
			buildRules = (
			);
			dependencies = (
			);
			name = MADS4003_Proj_Gp4;
			packageProductDependencies = (
				FADECB792B79853B004F4346 /* Alamofire */,
				FADECB7C2B798544004F4346 /* SwiftyJSON */,
			);
			productName = MADS4003_Proj_Gp4;
			productReference = FADECB2C2B75C0DD004F4346 /* MADS4003_Proj_Gp4.app */;
			productType = "com.apple.product-type.application";
		};
		FADECB3B2B75C0DF004F4346 /* MADS4003_Proj_Gp4Tests */ = {
			isa = PBXNativeTarget;
			buildConfigurationList = FADECB532B75C0DF004F4346 /* Build configuration list for PBXNativeTarget "MADS4003_Proj_Gp4Tests" */;
			buildPhases = (
				FADECB382B75C0DF004F4346 /* Sources */,
				FADECB392B75C0DF004F4346 /* Frameworks */,
				FADECB3A2B75C0DF004F4346 /* Resources */,
			);
			buildRules = (
			);
			dependencies = (
				FADECB3E2B75C0DF004F4346 /* PBXTargetDependency */,
			);
			name = MADS4003_Proj_Gp4Tests;
			productName = MADS4003_Proj_Gp4Tests;
			productReference = FADECB3C2B75C0DF004F4346 /* MADS4003_Proj_Gp4Tests.xctest */;
			productType = "com.apple.product-type.bundle.unit-test";
		};
		FADECB452B75C0DF004F4346 /* MADS4003_Proj_Gp4UITests */ = {
			isa = PBXNativeTarget;
			buildConfigurationList = FADECB562B75C0DF004F4346 /* Build configuration list for PBXNativeTarget "MADS4003_Proj_Gp4UITests" */;
			buildPhases = (
				FADECB422B75C0DF004F4346 /* Sources */,
				FADECB432B75C0DF004F4346 /* Frameworks */,
				FADECB442B75C0DF004F4346 /* Resources */,
			);
			buildRules = (
			);
			dependencies = (
				FADECB482B75C0DF004F4346 /* PBXTargetDependency */,
			);
			name = MADS4003_Proj_Gp4UITests;
			productName = MADS4003_Proj_Gp4UITests;
			productReference = FADECB462B75C0DF004F4346 /* MADS4003_Proj_Gp4UITests.xctest */;
			productType = "com.apple.product-type.bundle.ui-testing";
		};
/* End PBXNativeTarget section */

/* Begin PBXProject section */
		FADECB242B75C0DD004F4346 /* Project object */ = {
			isa = PBXProject;
			attributes = {
				BuildIndependentTargetsInParallel = 1;
				LastSwiftUpdateCheck = 1520;
				LastUpgradeCheck = 1520;
				TargetAttributes = {
					FADECB2B2B75C0DD004F4346 = {
						CreatedOnToolsVersion = 15.2;
					};
					FADECB3B2B75C0DF004F4346 = {
						CreatedOnToolsVersion = 15.2;
						TestTargetID = FADECB2B2B75C0DD004F4346;
					};
					FADECB452B75C0DF004F4346 = {
						CreatedOnToolsVersion = 15.2;
						TestTargetID = FADECB2B2B75C0DD004F4346;
					};
				};
			};
			buildConfigurationList = FADECB272B75C0DD004F4346 /* Build configuration list for PBXProject "MADS4003_Proj_Gp4" */;
			compatibilityVersion = "Xcode 14.0";
			developmentRegion = en;
			hasScannedForEncodings = 0;
			knownRegions = (
				en,
				Base,
			);
			mainGroup = FADECB232B75C0DD004F4346;
			packageReferences = (
				FADECB782B79853B004F4346 /* XCRemoteSwiftPackageReference "Alamofire" */,
				FADECB7B2B798544004F4346 /* XCRemoteSwiftPackageReference "SwiftyJSON" */,
			);
			productRefGroup = FADECB2D2B75C0DD004F4346 /* Products */;
			projectDirPath = "";
			projectRoot = "";
			targets = (
				FADECB2B2B75C0DD004F4346 /* MADS4003_Proj_Gp4 */,
				FADECB3B2B75C0DF004F4346 /* MADS4003_Proj_Gp4Tests */,
				FADECB452B75C0DF004F4346 /* MADS4003_Proj_Gp4UITests */,
			);
		};
/* End PBXProject section */

/* Begin PBXResourcesBuildPhase section */
		FADECB2A2B75C0DD004F4346 /* Resources */ = {
			isa = PBXResourcesBuildPhase;
			buildActionMask = 2147483647;
			files = (
				FADECB372B75C0DF004F4346 /* Preview Assets.xcassets in Resources */,
				FADECB342B75C0DF004F4346 /* Assets.xcassets in Resources */,
			);
			runOnlyForDeploymentPostprocessing = 0;
		};
		FADECB3A2B75C0DF004F4346 /* Resources */ = {
			isa = PBXResourcesBuildPhase;
			buildActionMask = 2147483647;
			files = (
			);
			runOnlyForDeploymentPostprocessing = 0;
		};
		FADECB442B75C0DF004F4346 /* Resources */ = {
			isa = PBXResourcesBuildPhase;
			buildActionMask = 2147483647;
			files = (
			);
			runOnlyForDeploymentPostprocessing = 0;
		};
/* End PBXResourcesBuildPhase section */

/* Begin PBXSourcesBuildPhase section */
		FADECB282B75C0DD004F4346 /* Sources */ = {
			isa = PBXSourcesBuildPhase;
			buildActionMask = 2147483647;
			files = (
				FADECB5F2B77C22D004F4346 /* SignupView.swift in Sources */,
				FADECB612B77C25C004F4346 /* RestaurantDetailView.swift in Sources */,
				FADECB652B77C280004F4346 /* RestaurantViewModel.swift in Sources */,
				FADECB5B2B77BF80004F4346 /* LoginView.swift in Sources */,
				FAB4DDC52B7D44C400FD1465 /* UserDefaultsKeys.swift in Sources */,
				FADECB722B781D60004F4346 /* Constants.swift in Sources */,
				FADECB672B77E201004F4346 /* Restaurant.swift in Sources */,
				FADECB632B77C26A004F4346 /* RestaurantListView.swift in Sources */,
				FADECB322B75C0DD004F4346 /* ContentView.swift in Sources */,
				FADECB6C2B780848004F4346 /* UserViewModel.swift in Sources */,
				FADECB802B7A0250004F4346 /* FavListView.swift in Sources */,
				FADECB6E2B7808EC004F4346 /* User.swift in Sources */,
				FADECB742B797229004F4346 /* RestaurantItemView.swift in Sources */,
				FADECB822B7A0272004F4346 /* MainView.swift in Sources */,
				FADECB302B75C0DD004F4346 /* MADS4003_Proj_Gp4App.swift in Sources */,
			);
			runOnlyForDeploymentPostprocessing = 0;
		};
		FADECB382B75C0DF004F4346 /* Sources */ = {
			isa = PBXSourcesBuildPhase;
			buildActionMask = 2147483647;
			files = (
				FADECB412B75C0DF004F4346 /* MADS4003_Proj_Gp4Tests.swift in Sources */,
			);
			runOnlyForDeploymentPostprocessing = 0;
		};
		FADECB422B75C0DF004F4346 /* Sources */ = {
			isa = PBXSourcesBuildPhase;
			buildActionMask = 2147483647;
			files = (
				FADECB4B2B75C0DF004F4346 /* MADS4003_Proj_Gp4UITests.swift in Sources */,
				FADECB4D2B75C0DF004F4346 /* MADS4003_Proj_Gp4UITestsLaunchTests.swift in Sources */,
			);
			runOnlyForDeploymentPostprocessing = 0;
		};
/* End PBXSourcesBuildPhase section */

/* Begin PBXTargetDependency section */
		FADECB3E2B75C0DF004F4346 /* PBXTargetDependency */ = {
			isa = PBXTargetDependency;
			target = FADECB2B2B75C0DD004F4346 /* MADS4003_Proj_Gp4 */;
			targetProxy = FADECB3D2B75C0DF004F4346 /* PBXContainerItemProxy */;
		};
		FADECB482B75C0DF004F4346 /* PBXTargetDependency */ = {
			isa = PBXTargetDependency;
			target = FADECB2B2B75C0DD004F4346 /* MADS4003_Proj_Gp4 */;
			targetProxy = FADECB472B75C0DF004F4346 /* PBXContainerItemProxy */;
		};
/* End PBXTargetDependency section */

/* Begin XCBuildConfiguration section */
		FADECB4E2B75C0DF004F4346 /* Debug */ = {
			isa = XCBuildConfiguration;
			buildSettings = {
				ALWAYS_SEARCH_USER_PATHS = NO;
				ASSETCATALOG_COMPILER_GENERATE_SWIFT_ASSET_SYMBOL_EXTENSIONS = YES;
				CLANG_ANALYZER_NONNULL = YES;
				CLANG_ANALYZER_NUMBER_OBJECT_CONVERSION = YES_AGGRESSIVE;
				CLANG_CXX_LANGUAGE_STANDARD = "gnu++20";
				CLANG_ENABLE_MODULES = YES;
				CLANG_ENABLE_OBJC_ARC = YES;
				CLANG_ENABLE_OBJC_WEAK = YES;
				CLANG_WARN_BLOCK_CAPTURE_AUTORELEASING = YES;
				CLANG_WARN_BOOL_CONVERSION = YES;
				CLANG_WARN_COMMA = YES;
				CLANG_WARN_CONSTANT_CONVERSION = YES;
				CLANG_WARN_DEPRECATED_OBJC_IMPLEMENTATIONS = YES;
				CLANG_WARN_DIRECT_OBJC_ISA_USAGE = YES_ERROR;
				CLANG_WARN_DOCUMENTATION_COMMENTS = YES;
				CLANG_WARN_EMPTY_BODY = YES;
				CLANG_WARN_ENUM_CONVERSION = YES;
				CLANG_WARN_INFINITE_RECURSION = YES;
				CLANG_WARN_INT_CONVERSION = YES;
				CLANG_WARN_NON_LITERAL_NULL_CONVERSION = YES;
				CLANG_WARN_OBJC_IMPLICIT_RETAIN_SELF = YES;
				CLANG_WARN_OBJC_LITERAL_CONVERSION = YES;
				CLANG_WARN_OBJC_ROOT_CLASS = YES_ERROR;
				CLANG_WARN_QUOTED_INCLUDE_IN_FRAMEWORK_HEADER = YES;
				CLANG_WARN_RANGE_LOOP_ANALYSIS = YES;
				CLANG_WARN_STRICT_PROTOTYPES = YES;
				CLANG_WARN_SUSPICIOUS_MOVE = YES;
				CLANG_WARN_UNGUARDED_AVAILABILITY = YES_AGGRESSIVE;
				CLANG_WARN_UNREACHABLE_CODE = YES;
				CLANG_WARN__DUPLICATE_METHOD_MATCH = YES;
				COPY_PHASE_STRIP = NO;
				DEBUG_INFORMATION_FORMAT = dwarf;
				ENABLE_STRICT_OBJC_MSGSEND = YES;
				ENABLE_TESTABILITY = YES;
				ENABLE_USER_SCRIPT_SANDBOXING = YES;
				GCC_C_LANGUAGE_STANDARD = gnu17;
				GCC_DYNAMIC_NO_PIC = NO;
				GCC_NO_COMMON_BLOCKS = YES;
				GCC_OPTIMIZATION_LEVEL = 0;
				GCC_PREPROCESSOR_DEFINITIONS = (
					"DEBUG=1",
					"$(inherited)",
				);
				GCC_WARN_64_TO_32_BIT_CONVERSION = YES;
				GCC_WARN_ABOUT_RETURN_TYPE = YES_ERROR;
				GCC_WARN_UNDECLARED_SELECTOR = YES;
				GCC_WARN_UNINITIALIZED_AUTOS = YES_AGGRESSIVE;
				GCC_WARN_UNUSED_FUNCTION = YES;
				GCC_WARN_UNUSED_VARIABLE = YES;
				IPHONEOS_DEPLOYMENT_TARGET = 17.2;
				LOCALIZATION_PREFERS_STRING_CATALOGS = YES;
				MTL_ENABLE_DEBUG_INFO = INCLUDE_SOURCE;
				MTL_FAST_MATH = YES;
				ONLY_ACTIVE_ARCH = YES;
				SDKROOT = iphoneos;
				SWIFT_ACTIVE_COMPILATION_CONDITIONS = "DEBUG $(inherited)";
				SWIFT_OPTIMIZATION_LEVEL = "-Onone";
			};
			name = Debug;
		};
		FADECB4F2B75C0DF004F4346 /* Release */ = {
			isa = XCBuildConfiguration;
			buildSettings = {
				ALWAYS_SEARCH_USER_PATHS = NO;
				ASSETCATALOG_COMPILER_GENERATE_SWIFT_ASSET_SYMBOL_EXTENSIONS = YES;
				CLANG_ANALYZER_NONNULL = YES;
				CLANG_ANALYZER_NUMBER_OBJECT_CONVERSION = YES_AGGRESSIVE;
				CLANG_CXX_LANGUAGE_STANDARD = "gnu++20";
				CLANG_ENABLE_MODULES = YES;
				CLANG_ENABLE_OBJC_ARC = YES;
				CLANG_ENABLE_OBJC_WEAK = YES;
				CLANG_WARN_BLOCK_CAPTURE_AUTORELEASING = YES;
				CLANG_WARN_BOOL_CONVERSION = YES;
				CLANG_WARN_COMMA = YES;
				CLANG_WARN_CONSTANT_CONVERSION = YES;
				CLANG_WARN_DEPRECATED_OBJC_IMPLEMENTATIONS = YES;
				CLANG_WARN_DIRECT_OBJC_ISA_USAGE = YES_ERROR;
				CLANG_WARN_DOCUMENTATION_COMMENTS = YES;
				CLANG_WARN_EMPTY_BODY = YES;
				CLANG_WARN_ENUM_CONVERSION = YES;
				CLANG_WARN_INFINITE_RECURSION = YES;
				CLANG_WARN_INT_CONVERSION = YES;
				CLANG_WARN_NON_LITERAL_NULL_CONVERSION = YES;
				CLANG_WARN_OBJC_IMPLICIT_RETAIN_SELF = YES;
				CLANG_WARN_OBJC_LITERAL_CONVERSION = YES;
				CLANG_WARN_OBJC_ROOT_CLASS = YES_ERROR;
				CLANG_WARN_QUOTED_INCLUDE_IN_FRAMEWORK_HEADER = YES;
				CLANG_WARN_RANGE_LOOP_ANALYSIS = YES;
				CLANG_WARN_STRICT_PROTOTYPES = YES;
				CLANG_WARN_SUSPICIOUS_MOVE = YES;
				CLANG_WARN_UNGUARDED_AVAILABILITY = YES_AGGRESSIVE;
				CLANG_WARN_UNREACHABLE_CODE = YES;
				CLANG_WARN__DUPLICATE_METHOD_MATCH = YES;
				COPY_PHASE_STRIP = NO;
				DEBUG_INFORMATION_FORMAT = "dwarf-with-dsym";
				ENABLE_NS_ASSERTIONS = NO;
				ENABLE_STRICT_OBJC_MSGSEND = YES;
				ENABLE_USER_SCRIPT_SANDBOXING = YES;
				GCC_C_LANGUAGE_STANDARD = gnu17;
				GCC_NO_COMMON_BLOCKS = YES;
				GCC_WARN_64_TO_32_BIT_CONVERSION = YES;
				GCC_WARN_ABOUT_RETURN_TYPE = YES_ERROR;
				GCC_WARN_UNDECLARED_SELECTOR = YES;
				GCC_WARN_UNINITIALIZED_AUTOS = YES_AGGRESSIVE;
				GCC_WARN_UNUSED_FUNCTION = YES;
				GCC_WARN_UNUSED_VARIABLE = YES;
				IPHONEOS_DEPLOYMENT_TARGET = 17.2;
				LOCALIZATION_PREFERS_STRING_CATALOGS = YES;
				MTL_ENABLE_DEBUG_INFO = NO;
				MTL_FAST_MATH = YES;
				SDKROOT = iphoneos;
				SWIFT_COMPILATION_MODE = wholemodule;
				VALIDATE_PRODUCT = YES;
			};
			name = Release;
		};
		FADECB512B75C0DF004F4346 /* Debug */ = {
			isa = XCBuildConfiguration;
			buildSettings = {
				ASSETCATALOG_COMPILER_APPICON_NAME = AppIcon;
				ASSETCATALOG_COMPILER_GLOBAL_ACCENT_COLOR_NAME = AccentColor;
				CODE_SIGN_STYLE = Automatic;
				CURRENT_PROJECT_VERSION = 1;
				DEVELOPMENT_ASSET_PATHS = "\"MADS4003_Proj_Gp4/Preview Content\"";
				ENABLE_PREVIEWS = YES;
				GENERATE_INFOPLIST_FILE = YES;
				INFOPLIST_KEY_UIApplicationSceneManifest_Generation = YES;
				INFOPLIST_KEY_UIApplicationSupportsIndirectInputEvents = YES;
				INFOPLIST_KEY_UILaunchScreen_Generation = YES;
				INFOPLIST_KEY_UISupportedInterfaceOrientations_iPad = "UIInterfaceOrientationPortrait UIInterfaceOrientationPortraitUpsideDown UIInterfaceOrientationLandscapeLeft UIInterfaceOrientationLandscapeRight";
				INFOPLIST_KEY_UISupportedInterfaceOrientations_iPhone = "UIInterfaceOrientationPortrait UIInterfaceOrientationLandscapeLeft UIInterfaceOrientationLandscapeRight";
				LD_RUNPATH_SEARCH_PATHS = (
					"$(inherited)",
					"@executable_path/Frameworks",
				);
				MARKETING_VERSION = 1.0;
				PRODUCT_BUNDLE_IDENTIFIER = "GBC.MADS4003-Proj-Gp4";
				PRODUCT_NAME = "$(TARGET_NAME)";
				SWIFT_EMIT_LOC_STRINGS = YES;
				SWIFT_VERSION = 5.0;
				TARGETED_DEVICE_FAMILY = "1,2";
			};
			name = Debug;
		};
		FADECB522B75C0DF004F4346 /* Release */ = {
			isa = XCBuildConfiguration;
			buildSettings = {
				ASSETCATALOG_COMPILER_APPICON_NAME = AppIcon;
				ASSETCATALOG_COMPILER_GLOBAL_ACCENT_COLOR_NAME = AccentColor;
				CODE_SIGN_STYLE = Automatic;
				CURRENT_PROJECT_VERSION = 1;
				DEVELOPMENT_ASSET_PATHS = "\"MADS4003_Proj_Gp4/Preview Content\"";
				ENABLE_PREVIEWS = YES;
				GENERATE_INFOPLIST_FILE = YES;
				INFOPLIST_KEY_UIApplicationSceneManifest_Generation = YES;
				INFOPLIST_KEY_UIApplicationSupportsIndirectInputEvents = YES;
				INFOPLIST_KEY_UILaunchScreen_Generation = YES;
				INFOPLIST_KEY_UISupportedInterfaceOrientations_iPad = "UIInterfaceOrientationPortrait UIInterfaceOrientationPortraitUpsideDown UIInterfaceOrientationLandscapeLeft UIInterfaceOrientationLandscapeRight";
				INFOPLIST_KEY_UISupportedInterfaceOrientations_iPhone = "UIInterfaceOrientationPortrait UIInterfaceOrientationLandscapeLeft UIInterfaceOrientationLandscapeRight";
				LD_RUNPATH_SEARCH_PATHS = (
					"$(inherited)",
					"@executable_path/Frameworks",
				);
				MARKETING_VERSION = 1.0;
				PRODUCT_BUNDLE_IDENTIFIER = "GBC.MADS4003-Proj-Gp4";
				PRODUCT_NAME = "$(TARGET_NAME)";
				SWIFT_EMIT_LOC_STRINGS = YES;
				SWIFT_VERSION = 5.0;
				TARGETED_DEVICE_FAMILY = "1,2";
			};
			name = Release;
		};
		FADECB542B75C0DF004F4346 /* Debug */ = {
			isa = XCBuildConfiguration;
			buildSettings = {
				ALWAYS_EMBED_SWIFT_STANDARD_LIBRARIES = YES;
				BUNDLE_LOADER = "$(TEST_HOST)";
				CODE_SIGN_STYLE = Automatic;
				CURRENT_PROJECT_VERSION = 1;
				GENERATE_INFOPLIST_FILE = YES;
				IPHONEOS_DEPLOYMENT_TARGET = 17.2;
				MARKETING_VERSION = 1.0;
				PRODUCT_BUNDLE_IDENTIFIER = "GBC.MADS4003-Proj-Gp4Tests";
				PRODUCT_NAME = "$(TARGET_NAME)";
				SWIFT_EMIT_LOC_STRINGS = NO;
				SWIFT_VERSION = 5.0;
				TARGETED_DEVICE_FAMILY = "1,2";
				TEST_HOST = "$(BUILT_PRODUCTS_DIR)/MADS4003_Proj_Gp4.app/$(BUNDLE_EXECUTABLE_FOLDER_PATH)/MADS4003_Proj_Gp4";
			};
			name = Debug;
		};
		FADECB552B75C0DF004F4346 /* Release */ = {
			isa = XCBuildConfiguration;
			buildSettings = {
				ALWAYS_EMBED_SWIFT_STANDARD_LIBRARIES = YES;
				BUNDLE_LOADER = "$(TEST_HOST)";
				CODE_SIGN_STYLE = Automatic;
				CURRENT_PROJECT_VERSION = 1;
				GENERATE_INFOPLIST_FILE = YES;
				IPHONEOS_DEPLOYMENT_TARGET = 17.2;
				MARKETING_VERSION = 1.0;
				PRODUCT_BUNDLE_IDENTIFIER = "GBC.MADS4003-Proj-Gp4Tests";
				PRODUCT_NAME = "$(TARGET_NAME)";
				SWIFT_EMIT_LOC_STRINGS = NO;
				SWIFT_VERSION = 5.0;
				TARGETED_DEVICE_FAMILY = "1,2";
				TEST_HOST = "$(BUILT_PRODUCTS_DIR)/MADS4003_Proj_Gp4.app/$(BUNDLE_EXECUTABLE_FOLDER_PATH)/MADS4003_Proj_Gp4";
			};
			name = Release;
		};
		FADECB572B75C0DF004F4346 /* Debug */ = {
			isa = XCBuildConfiguration;
			buildSettings = {
				ALWAYS_EMBED_SWIFT_STANDARD_LIBRARIES = YES;
				CODE_SIGN_STYLE = Automatic;
				CURRENT_PROJECT_VERSION = 1;
				GENERATE_INFOPLIST_FILE = YES;
				MARKETING_VERSION = 1.0;
				PRODUCT_BUNDLE_IDENTIFIER = "GBC.MADS4003-Proj-Gp4UITests";
				PRODUCT_NAME = "$(TARGET_NAME)";
				SWIFT_EMIT_LOC_STRINGS = NO;
				SWIFT_VERSION = 5.0;
				TARGETED_DEVICE_FAMILY = "1,2";
				TEST_TARGET_NAME = MADS4003_Proj_Gp4;
			};
			name = Debug;
		};
		FADECB582B75C0DF004F4346 /* Release */ = {
			isa = XCBuildConfiguration;
			buildSettings = {
				ALWAYS_EMBED_SWIFT_STANDARD_LIBRARIES = YES;
				CODE_SIGN_STYLE = Automatic;
				CURRENT_PROJECT_VERSION = 1;
				GENERATE_INFOPLIST_FILE = YES;
				MARKETING_VERSION = 1.0;
				PRODUCT_BUNDLE_IDENTIFIER = "GBC.MADS4003-Proj-Gp4UITests";
				PRODUCT_NAME = "$(TARGET_NAME)";
				SWIFT_EMIT_LOC_STRINGS = NO;
				SWIFT_VERSION = 5.0;
				TARGETED_DEVICE_FAMILY = "1,2";
				TEST_TARGET_NAME = MADS4003_Proj_Gp4;
			};
			name = Release;
		};
/* End XCBuildConfiguration section */

/* Begin XCConfigurationList section */
		FADECB272B75C0DD004F4346 /* Build configuration list for PBXProject "MADS4003_Proj_Gp4" */ = {
			isa = XCConfigurationList;
			buildConfigurations = (
				FADECB4E2B75C0DF004F4346 /* Debug */,
				FADECB4F2B75C0DF004F4346 /* Release */,
			);
			defaultConfigurationIsVisible = 0;
			defaultConfigurationName = Release;
		};
		FADECB502B75C0DF004F4346 /* Build configuration list for PBXNativeTarget "MADS4003_Proj_Gp4" */ = {
			isa = XCConfigurationList;
			buildConfigurations = (
				FADECB512B75C0DF004F4346 /* Debug */,
				FADECB522B75C0DF004F4346 /* Release */,
			);
			defaultConfigurationIsVisible = 0;
			defaultConfigurationName = Release;
		};
		FADECB532B75C0DF004F4346 /* Build configuration list for PBXNativeTarget "MADS4003_Proj_Gp4Tests" */ = {
			isa = XCConfigurationList;
			buildConfigurations = (
				FADECB542B75C0DF004F4346 /* Debug */,
				FADECB552B75C0DF004F4346 /* Release */,
			);
			defaultConfigurationIsVisible = 0;
			defaultConfigurationName = Release;
		};
		FADECB562B75C0DF004F4346 /* Build configuration list for PBXNativeTarget "MADS4003_Proj_Gp4UITests" */ = {
			isa = XCConfigurationList;
			buildConfigurations = (
				FADECB572B75C0DF004F4346 /* Debug */,
				FADECB582B75C0DF004F4346 /* Release */,
			);
			defaultConfigurationIsVisible = 0;
			defaultConfigurationName = Release;
		};
/* End XCConfigurationList section */

/* Begin XCRemoteSwiftPackageReference section */
		FADECB782B79853B004F4346 /* XCRemoteSwiftPackageReference "Alamofire" */ = {
			isa = XCRemoteSwiftPackageReference;
			repositoryURL = "https://github.com/Alamofire/Alamofire.git";
			requirement = {
				kind = upToNextMajorVersion;
				minimumVersion = 5.8.1;
			};
		};
		FADECB7B2B798544004F4346 /* XCRemoteSwiftPackageReference "SwiftyJSON" */ = {
			isa = XCRemoteSwiftPackageReference;
			repositoryURL = "https://github.com/SwiftyJSON/SwiftyJSON.git";
			requirement = {
				kind = upToNextMajorVersion;
				minimumVersion = 5.0.1;
			};
		};
/* End XCRemoteSwiftPackageReference section */

/* Begin XCSwiftPackageProductDependency section */
		FADECB792B79853B004F4346 /* Alamofire */ = {
			isa = XCSwiftPackageProductDependency;
			package = FADECB782B79853B004F4346 /* XCRemoteSwiftPackageReference "Alamofire" */;
			productName = Alamofire;
		};
		FADECB7C2B798544004F4346 /* SwiftyJSON */ = {
			isa = XCSwiftPackageProductDependency;
			package = FADECB7B2B798544004F4346 /* XCRemoteSwiftPackageReference "SwiftyJSON" */;
			productName = SwiftyJSON;
		};
/* End XCSwiftPackageProductDependency section */
	};
	rootObject = FADECB242B75C0DD004F4346 /* Project object */;
}
